// !$*UTF8*$!
{
	archiveVersion = 1;
	classes = {
	};
	objectVersion = 55;
	objects = {

/* Begin PBXBuildFile section */
		9C15594E28D9328500BB6C72 /* CalculatorApp.swift in Sources */ = {isa = PBXBuildFile; fileRef = 9C15594D28D9328500BB6C72 /* CalculatorApp.swift */; };
		9C15595228D9328A00BB6C72 /* Assets.xcassets in Resources */ = {isa = PBXBuildFile; fileRef = 9C15595128D9328A00BB6C72 /* Assets.xcassets */; };
		9C15595528D9328A00BB6C72 /* Preview Assets.xcassets in Resources */ = {isa = PBXBuildFile; fileRef = 9C15595428D9328A00BB6C72 /* Preview Assets.xcassets */; };
		9C15595F28D9328B00BB6C72 /* CalculatorTests.swift in Sources */ = {isa = PBXBuildFile; fileRef = 9C15595E28D9328B00BB6C72 /* CalculatorTests.swift */; };
		9C15596928D9328B00BB6C72 /* CalculatorUITests.swift in Sources */ = {isa = PBXBuildFile; fileRef = 9C15596828D9328B00BB6C72 /* CalculatorUITests.swift */; };
		9C15596B28D9328B00BB6C72 /* CalculatorUITestsLaunchTests.swift in Sources */ = {isa = PBXBuildFile; fileRef = 9C15596A28D9328B00BB6C72 /* CalculatorUITestsLaunchTests.swift */; };
		9C15597828D9380B00BB6C72 /* CalculatorBrain.swift in Sources */ = {isa = PBXBuildFile; fileRef = 9C15597728D9380B00BB6C72 /* CalculatorBrain.swift */; };
		9C15597A28D93C7500BB6C72 /* NumberValue.swift in Sources */ = {isa = PBXBuildFile; fileRef = 9C15597928D93C7500BB6C72 /* NumberValue.swift */; };
		9C15597D28D93EB600BB6C72 /* CalculatorView.swift in Sources */ = {isa = PBXBuildFile; fileRef = 9C15597C28D93EB600BB6C72 /* CalculatorView.swift */; };
		9C15597F28D9476700BB6C72 /* CalculatorViewModel.swift in Sources */ = {isa = PBXBuildFile; fileRef = 9C15597E28D9476700BB6C72 /* CalculatorViewModel.swift */; };
		9C2B9B5628DA5161004BDFD8 /* Constants.swift in Sources */ = {isa = PBXBuildFile; fileRef = 9C2B9B5528DA5161004BDFD8 /* Constants.swift */; };
		9C4C817428DA3C2200F5E197 /* CalculatorButton.swift in Sources */ = {isa = PBXBuildFile; fileRef = 9C4C817328DA3C2200F5E197 /* CalculatorButton.swift */; };
		9C4C817628DA3E2800F5E197 /* CalculatorButtonStyle.swift in Sources */ = {isa = PBXBuildFile; fileRef = 9C4C817528DA3E2800F5E197 /* CalculatorButtonStyle.swift */; };
		9CBAAB4228DA84FA00638065 /* ContentView.swift in Sources */ = {isa = PBXBuildFile; fileRef = 9CBAAB4128DA84FA00638065 /* ContentView.swift */; };
/* End PBXBuildFile section */

/* Begin PBXContainerItemProxy section */
		9C15595B28D9328B00BB6C72 /* PBXContainerItemProxy */ = {
			isa = PBXContainerItemProxy;
			containerPortal = 9C15594228D9328500BB6C72 /* Project object */;
			proxyType = 1;
			remoteGlobalIDString = 9C15594928D9328500BB6C72;
			remoteInfo = Calculator;
		};
		9C15596528D9328B00BB6C72 /* PBXContainerItemProxy */ = {
			isa = PBXContainerItemProxy;
			containerPortal = 9C15594228D9328500BB6C72 /* Project object */;
			proxyType = 1;
			remoteGlobalIDString = 9C15594928D9328500BB6C72;
			remoteInfo = Calculator;
		};
/* End PBXContainerItemProxy section */

/* Begin PBXFileReference section */
		9C15594A28D9328500BB6C72 /* Calculator.app */ = {isa = PBXFileReference; explicitFileType = wrapper.application; includeInIndex = 0; path = Calculator.app; sourceTree = BUILT_PRODUCTS_DIR; };
		9C15594D28D9328500BB6C72 /* CalculatorApp.swift */ = {isa = PBXFileReference; lastKnownFileType = sourcecode.swift; path = CalculatorApp.swift; sourceTree = "<group>"; };
		9C15595128D9328A00BB6C72 /* Assets.xcassets */ = {isa = PBXFileReference; lastKnownFileType = folder.assetcatalog; path = Assets.xcassets; sourceTree = "<group>"; };
		9C15595428D9328A00BB6C72 /* Preview Assets.xcassets */ = {isa = PBXFileReference; lastKnownFileType = folder.assetcatalog; path = "Preview Assets.xcassets"; sourceTree = "<group>"; };
		9C15595A28D9328B00BB6C72 /* CalculatorTests.xctest */ = {isa = PBXFileReference; explicitFileType = wrapper.cfbundle; includeInIndex = 0; path = CalculatorTests.xctest; sourceTree = BUILT_PRODUCTS_DIR; };
		9C15595E28D9328B00BB6C72 /* CalculatorTests.swift */ = {isa = PBXFileReference; lastKnownFileType = sourcecode.swift; path = CalculatorTests.swift; sourceTree = "<group>"; };
		9C15596428D9328B00BB6C72 /* CalculatorUITests.xctest */ = {isa = PBXFileReference; explicitFileType = wrapper.cfbundle; includeInIndex = 0; path = CalculatorUITests.xctest; sourceTree = BUILT_PRODUCTS_DIR; };
		9C15596828D9328B00BB6C72 /* CalculatorUITests.swift */ = {isa = PBXFileReference; lastKnownFileType = sourcecode.swift; path = CalculatorUITests.swift; sourceTree = "<group>"; };
		9C15596A28D9328B00BB6C72 /* CalculatorUITestsLaunchTests.swift */ = {isa = PBXFileReference; lastKnownFileType = sourcecode.swift; path = CalculatorUITestsLaunchTests.swift; sourceTree = "<group>"; };
		9C15597728D9380B00BB6C72 /* CalculatorBrain.swift */ = {isa = PBXFileReference; lastKnownFileType = sourcecode.swift; path = CalculatorBrain.swift; sourceTree = "<group>"; };
		9C15597928D93C7500BB6C72 /* NumberValue.swift */ = {isa = PBXFileReference; lastKnownFileType = sourcecode.swift; path = NumberValue.swift; sourceTree = "<group>"; };
		9C15597C28D93EB600BB6C72 /* CalculatorView.swift */ = {isa = PBXFileReference; lastKnownFileType = sourcecode.swift; lineEnding = 0; path = CalculatorView.swift; sourceTree = "<group>"; usesTabs = 0; };
		9C15597E28D9476700BB6C72 /* CalculatorViewModel.swift */ = {isa = PBXFileReference; lastKnownFileType = sourcecode.swift; path = CalculatorViewModel.swift; sourceTree = "<group>"; };
		9C2B9B5528DA5161004BDFD8 /* Constants.swift */ = {isa = PBXFileReference; lastKnownFileType = sourcecode.swift; path = Constants.swift; sourceTree = "<group>"; };
		9C4C817328DA3C2200F5E197 /* CalculatorButton.swift */ = {isa = PBXFileReference; lastKnownFileType = sourcecode.swift; path = CalculatorButton.swift; sourceTree = "<group>"; };
		9C4C817528DA3E2800F5E197 /* CalculatorButtonStyle.swift */ = {isa = PBXFileReference; lastKnownFileType = sourcecode.swift; path = CalculatorButtonStyle.swift; sourceTree = "<group>"; };
		9CBAAB4128DA84FA00638065 /* ContentView.swift */ = {isa = PBXFileReference; lastKnownFileType = sourcecode.swift; path = ContentView.swift; sourceTree = "<group>"; };
/* End PBXFileReference section */

/* Begin PBXFrameworksBuildPhase section */
		9C15594728D9328500BB6C72 /* Frameworks */ = {
			isa = PBXFrameworksBuildPhase;
			buildActionMask = 2147483647;
			files = (
			);
			runOnlyForDeploymentPostprocessing = 0;
		};
		9C15595728D9328B00BB6C72 /* Frameworks */ = {
			isa = PBXFrameworksBuildPhase;
			buildActionMask = 2147483647;
			files = (
			);
			runOnlyForDeploymentPostprocessing = 0;
		};
		9C15596128D9328B00BB6C72 /* Frameworks */ = {
			isa = PBXFrameworksBuildPhase;
			buildActionMask = 2147483647;
			files = (
			);
			runOnlyForDeploymentPostprocessing = 0;
		};
/* End PBXFrameworksBuildPhase section */

/* Begin PBXGroup section */
		9C15594128D9328500BB6C72 = {
			isa = PBXGroup;
			children = (
				9C15594C28D9328500BB6C72 /* Calculator */,
				9C15595D28D9328B00BB6C72 /* CalculatorTests */,
				9C15596728D9328B00BB6C72 /* CalculatorUITests */,
				9C15594B28D9328500BB6C72 /* Products */,
			);
			sourceTree = "<group>";
		};
		9C15594B28D9328500BB6C72 /* Products */ = {
			isa = PBXGroup;
			children = (
				9C15594A28D9328500BB6C72 /* Calculator.app */,
				9C15595A28D9328B00BB6C72 /* CalculatorTests.xctest */,
				9C15596428D9328B00BB6C72 /* CalculatorUITests.xctest */,
			);
			name = Products;
			sourceTree = "<group>";
		};
		9C15594C28D9328500BB6C72 /* Calculator */ = {
			isa = PBXGroup;
			children = (
				9C15594D28D9328500BB6C72 /* CalculatorApp.swift */,
				9C2B9B5528DA5161004BDFD8 /* Constants.swift */,
				9CBAAB4028DA7F9000638065 /* Styles */,
				9CBAAB3F28DA7F6200638065 /* Views */,
				9C15597B28D93C8400BB6C72 /* Models */,
				9C15595128D9328A00BB6C72 /* Assets.xcassets */,
				9C15595328D9328A00BB6C72 /* Preview Content */,
			);
			path = Calculator;
			sourceTree = "<group>";
		};
		9C15595328D9328A00BB6C72 /* Preview Content */ = {
			isa = PBXGroup;
			children = (
				9C15595428D9328A00BB6C72 /* Preview Assets.xcassets */,
			);
			path = "Preview Content";
			sourceTree = "<group>";
		};
		9C15595D28D9328B00BB6C72 /* CalculatorTests */ = {
			isa = PBXGroup;
			children = (
				9C15595E28D9328B00BB6C72 /* CalculatorTests.swift */,
			);
			path = CalculatorTests;
			sourceTree = "<group>";
		};
		9C15596728D9328B00BB6C72 /* CalculatorUITests */ = {
			isa = PBXGroup;
			children = (
				9C15596828D9328B00BB6C72 /* CalculatorUITests.swift */,
				9C15596A28D9328B00BB6C72 /* CalculatorUITestsLaunchTests.swift */,
			);
			path = CalculatorUITests;
			sourceTree = "<group>";
		};
		9C15597B28D93C8400BB6C72 /* Models */ = {
			isa = PBXGroup;
			children = (
				9C15597728D9380B00BB6C72 /* CalculatorBrain.swift */,
				9C15597928D93C7500BB6C72 /* NumberValue.swift */,
			);
			path = Models;
			sourceTree = "<group>";
		};
		9CBAAB3F28DA7F6200638065 /* Views */ = {
			isa = PBXGroup;
			children = (
				9C4C817328DA3C2200F5E197 /* CalculatorButton.swift */,
				9C15597C28D93EB600BB6C72 /* CalculatorView.swift */,
				9C15597E28D9476700BB6C72 /* CalculatorViewModel.swift */,
				9CBAAB4128DA84FA00638065 /* ContentView.swift */,
			);
			path = Views;
			sourceTree = "<group>";
		};
		9CBAAB4028DA7F9000638065 /* Styles */ = {
			isa = PBXGroup;
			children = (
				9C4C817528DA3E2800F5E197 /* CalculatorButtonStyle.swift */,
			);
			path = Styles;
			sourceTree = "<group>";
		};
/* End PBXGroup section */

/* Begin PBXNativeTarget section */
		9C15594928D9328500BB6C72 /* Calculator */ = {
			isa = PBXNativeTarget;
			buildConfigurationList = 9C15596E28D9328B00BB6C72 /* Build configuration list for PBXNativeTarget "Calculator" */;
			buildPhases = (
				9C15594628D9328500BB6C72 /* Sources */,
				9C15594728D9328500BB6C72 /* Frameworks */,
				9C15594828D9328500BB6C72 /* Resources */,
			);
			buildRules = (
			);
			dependencies = (
			);
			name = Calculator;
			productName = Calculator;
			productReference = 9C15594A28D9328500BB6C72 /* Calculator.app */;
			productType = "com.apple.product-type.application";
		};
		9C15595928D9328B00BB6C72 /* CalculatorTests */ = {
			isa = PBXNativeTarget;
			buildConfigurationList = 9C15597128D9328B00BB6C72 /* Build configuration list for PBXNativeTarget "CalculatorTests" */;
			buildPhases = (
				9C15595628D9328B00BB6C72 /* Sources */,
				9C15595728D9328B00BB6C72 /* Frameworks */,
				9C15595828D9328B00BB6C72 /* Resources */,
			);
			buildRules = (
			);
			dependencies = (
				9C15595C28D9328B00BB6C72 /* PBXTargetDependency */,
			);
			name = CalculatorTests;
			productName = CalculatorTests;
			productReference = 9C15595A28D9328B00BB6C72 /* CalculatorTests.xctest */;
			productType = "com.apple.product-type.bundle.unit-test";
		};
		9C15596328D9328B00BB6C72 /* CalculatorUITests */ = {
			isa = PBXNativeTarget;
			buildConfigurationList = 9C15597428D9328B00BB6C72 /* Build configuration list for PBXNativeTarget "CalculatorUITests" */;
			buildPhases = (
				9C15596028D9328B00BB6C72 /* Sources */,
				9C15596128D9328B00BB6C72 /* Frameworks */,
				9C15596228D9328B00BB6C72 /* Resources */,
			);
			buildRules = (
			);
			dependencies = (
				9C15596628D9328B00BB6C72 /* PBXTargetDependency */,
			);
			name = CalculatorUITests;
			productName = CalculatorUITests;
			productReference = 9C15596428D9328B00BB6C72 /* CalculatorUITests.xctest */;
			productType = "com.apple.product-type.bundle.ui-testing";
		};
/* End PBXNativeTarget section */

/* Begin PBXProject section */
		9C15594228D9328500BB6C72 /* Project object */ = {
			isa = PBXProject;
			attributes = {
				BuildIndependentTargetsInParallel = 1;
				LastSwiftUpdateCheck = 1340;
				LastUpgradeCheck = 1340;
				TargetAttributes = {
					9C15594928D9328500BB6C72 = {
						CreatedOnToolsVersion = 13.4.1;
					};
					9C15595928D9328B00BB6C72 = {
						CreatedOnToolsVersion = 13.4.1;
						TestTargetID = 9C15594928D9328500BB6C72;
					};
					9C15596328D9328B00BB6C72 = {
						CreatedOnToolsVersion = 13.4.1;
						TestTargetID = 9C15594928D9328500BB6C72;
					};
				};
			};
			buildConfigurationList = 9C15594528D9328500BB6C72 /* Build configuration list for PBXProject "Calculator" */;
			compatibilityVersion = "Xcode 13.0";
			developmentRegion = en;
			hasScannedForEncodings = 0;
			knownRegions = (
				en,
				Base,
			);
			mainGroup = 9C15594128D9328500BB6C72;
			productRefGroup = 9C15594B28D9328500BB6C72 /* Products */;
			projectDirPath = "";
			projectRoot = "";
			targets = (
				9C15594928D9328500BB6C72 /* Calculator */,
				9C15595928D9328B00BB6C72 /* CalculatorTests */,
				9C15596328D9328B00BB6C72 /* CalculatorUITests */,
			);
		};
/* End PBXProject section */

/* Begin PBXResourcesBuildPhase section */
		9C15594828D9328500BB6C72 /* Resources */ = {
			isa = PBXResourcesBuildPhase;
			buildActionMask = 2147483647;
			files = (
				9C15595528D9328A00BB6C72 /* Preview Assets.xcassets in Resources */,
				9C15595228D9328A00BB6C72 /* Assets.xcassets in Resources */,
			);
			runOnlyForDeploymentPostprocessing = 0;
		};
		9C15595828D9328B00BB6C72 /* Resources */ = {
			isa = PBXResourcesBuildPhase;
			buildActionMask = 2147483647;
			files = (
			);
			runOnlyForDeploymentPostprocessing = 0;
		};
		9C15596228D9328B00BB6C72 /* Resources */ = {
			isa = PBXResourcesBuildPhase;
			buildActionMask = 2147483647;
			files = (
			);
			runOnlyForDeploymentPostprocessing = 0;
		};
/* End PBXResourcesBuildPhase section */

/* Begin PBXSourcesBuildPhase section */
		9C15594628D9328500BB6C72 /* Sources */ = {
			isa = PBXSourcesBuildPhase;
			buildActionMask = 2147483647;
			files = (
				9C15597828D9380B00BB6C72 /* CalculatorBrain.swift in Sources */,
				9C4C817428DA3C2200F5E197 /* CalculatorButton.swift in Sources */,
				9C15597D28D93EB600BB6C72 /* CalculatorView.swift in Sources */,
				9C15597A28D93C7500BB6C72 /* NumberValue.swift in Sources */,
				9C4C817628DA3E2800F5E197 /* CalculatorButtonStyle.swift in Sources */,
				9CBAAB4228DA84FA00638065 /* ContentView.swift in Sources */,
				9C15597F28D9476700BB6C72 /* CalculatorViewModel.swift in Sources */,
				9C15594E28D9328500BB6C72 /* CalculatorApp.swift in Sources */,
				9C2B9B5628DA5161004BDFD8 /* Constants.swift in Sources */,
			);
			runOnlyForDeploymentPostprocessing = 0;
		};
		9C15595628D9328B00BB6C72 /* Sources */ = {
			isa = PBXSourcesBuildPhase;
			buildActionMask = 2147483647;
			files = (
				9C15595F28D9328B00BB6C72 /* CalculatorTests.swift in Sources */,
			);
			runOnlyForDeploymentPostprocessing = 0;
		};
		9C15596028D9328B00BB6C72 /* Sources */ = {
			isa = PBXSourcesBuildPhase;
			buildActionMask = 2147483647;
			files = (
				9C15596B28D9328B00BB6C72 /* CalculatorUITestsLaunchTests.swift in Sources */,
				9C15596928D9328B00BB6C72 /* CalculatorUITests.swift in Sources */,
			);
			runOnlyForDeploymentPostprocessing = 0;
		};
/* End PBXSourcesBuildPhase section */

/* Begin PBXTargetDependency section */
		9C15595C28D9328B00BB6C72 /* PBXTargetDependency */ = {
			isa = PBXTargetDependency;
			target = 9C15594928D9328500BB6C72 /* Calculator */;
			targetProxy = 9C15595B28D9328B00BB6C72 /* PBXContainerItemProxy */;
		};
		9C15596628D9328B00BB6C72 /* PBXTargetDependency */ = {
			isa = PBXTargetDependency;
			target = 9C15594928D9328500BB6C72 /* Calculator */;
			targetProxy = 9C15596528D9328B00BB6C72 /* PBXContainerItemProxy */;
		};
/* End PBXTargetDependency section */

/* Begin XCBuildConfiguration section */
		9C15596C28D9328B00BB6C72 /* Debug */ = {
			isa = XCBuildConfiguration;
			buildSettings = {
				ALWAYS_SEARCH_USER_PATHS = NO;
				CLANG_ANALYZER_NONNULL = YES;
				CLANG_ANALYZER_NUMBER_OBJECT_CONVERSION = YES_AGGRESSIVE;
				CLANG_CXX_LANGUAGE_STANDARD = "gnu++17";
				CLANG_ENABLE_MODULES = YES;
				CLANG_ENABLE_OBJC_ARC = YES;
				CLANG_ENABLE_OBJC_WEAK = YES;
				CLANG_WARN_BLOCK_CAPTURE_AUTORELEASING = YES;
				CLANG_WARN_BOOL_CONVERSION = YES;
				CLANG_WARN_COMMA = YES;
				CLANG_WARN_CONSTANT_CONVERSION = YES;
				CLANG_WARN_DEPRECATED_OBJC_IMPLEMENTATIONS = YES;
				CLANG_WARN_DIRECT_OBJC_ISA_USAGE = YES_ERROR;
				CLANG_WARN_DOCUMENTATION_COMMENTS = YES;
				CLANG_WARN_EMPTY_BODY = YES;
				CLANG_WARN_ENUM_CONVERSION = YES;
				CLANG_WARN_INFINITE_RECURSION = YES;
				CLANG_WARN_INT_CONVERSION = YES;
				CLANG_WARN_NON_LITERAL_NULL_CONVERSION = YES;
				CLANG_WARN_OBJC_IMPLICIT_RETAIN_SELF = YES;
				CLANG_WARN_OBJC_LITERAL_CONVERSION = YES;
				CLANG_WARN_OBJC_ROOT_CLASS = YES_ERROR;
				CLANG_WARN_QUOTED_INCLUDE_IN_FRAMEWORK_HEADER = YES;
				CLANG_WARN_RANGE_LOOP_ANALYSIS = YES;
				CLANG_WARN_STRICT_PROTOTYPES = YES;
				CLANG_WARN_SUSPICIOUS_MOVE = YES;
				CLANG_WARN_UNGUARDED_AVAILABILITY = YES_AGGRESSIVE;
				CLANG_WARN_UNREACHABLE_CODE = YES;
				CLANG_WARN__DUPLICATE_METHOD_MATCH = YES;
				COPY_PHASE_STRIP = NO;
				DEBUG_INFORMATION_FORMAT = dwarf;
				ENABLE_STRICT_OBJC_MSGSEND = YES;
				ENABLE_TESTABILITY = YES;
				GCC_C_LANGUAGE_STANDARD = gnu11;
				GCC_DYNAMIC_NO_PIC = NO;
				GCC_NO_COMMON_BLOCKS = YES;
				GCC_OPTIMIZATION_LEVEL = 0;
				GCC_PREPROCESSOR_DEFINITIONS = (
					"DEBUG=1",
					"$(inherited)",
				);
				GCC_WARN_64_TO_32_BIT_CONVERSION = YES;
				GCC_WARN_ABOUT_RETURN_TYPE = YES_ERROR;
				GCC_WARN_UNDECLARED_SELECTOR = YES;
				GCC_WARN_UNINITIALIZED_AUTOS = YES_AGGRESSIVE;
				GCC_WARN_UNUSED_FUNCTION = YES;
				GCC_WARN_UNUSED_VARIABLE = YES;
				IPHONEOS_DEPLOYMENT_TARGET = 15.5;
				MTL_ENABLE_DEBUG_INFO = INCLUDE_SOURCE;
				MTL_FAST_MATH = YES;
				ONLY_ACTIVE_ARCH = YES;
				SDKROOT = iphoneos;
				SWIFT_ACTIVE_COMPILATION_CONDITIONS = DEBUG;
				SWIFT_OPTIMIZATION_LEVEL = "-Onone";
			};
			name = Debug;
		};
		9C15596D28D9328B00BB6C72 /* Release */ = {
			isa = XCBuildConfiguration;
			buildSettings = {
				ALWAYS_SEARCH_USER_PATHS = NO;
				CLANG_ANALYZER_NONNULL = YES;
				CLANG_ANALYZER_NUMBER_OBJECT_CONVERSION = YES_AGGRESSIVE;
				CLANG_CXX_LANGUAGE_STANDARD = "gnu++17";
				CLANG_ENABLE_MODULES = YES;
				CLANG_ENABLE_OBJC_ARC = YES;
				CLANG_ENABLE_OBJC_WEAK = YES;
				CLANG_WARN_BLOCK_CAPTURE_AUTORELEASING = YES;
				CLANG_WARN_BOOL_CONVERSION = YES;
				CLANG_WARN_COMMA = YES;
				CLANG_WARN_CONSTANT_CONVERSION = YES;
				CLANG_WARN_DEPRECATED_OBJC_IMPLEMENTATIONS = YES;
				CLANG_WARN_DIRECT_OBJC_ISA_USAGE = YES_ERROR;
				CLANG_WARN_DOCUMENTATION_COMMENTS = YES;
				CLANG_WARN_EMPTY_BODY = YES;
				CLANG_WARN_ENUM_CONVERSION = YES;
				CLANG_WARN_INFINITE_RECURSION = YES;
				CLANG_WARN_INT_CONVERSION = YES;
				CLANG_WARN_NON_LITERAL_NULL_CONVERSION = YES;
				CLANG_WARN_OBJC_IMPLICIT_RETAIN_SELF = YES;
				CLANG_WARN_OBJC_LITERAL_CONVERSION = YES;
				CLANG_WARN_OBJC_ROOT_CLASS = YES_ERROR;
				CLANG_WARN_QUOTED_INCLUDE_IN_FRAMEWORK_HEADER = YES;
				CLANG_WARN_RANGE_LOOP_ANALYSIS = YES;
				CLANG_WARN_STRICT_PROTOTYPES = YES;
				CLANG_WARN_SUSPICIOUS_MOVE = YES;
				CLANG_WARN_UNGUARDED_AVAILABILITY = YES_AGGRESSIVE;
				CLANG_WARN_UNREACHABLE_CODE = YES;
				CLANG_WARN__DUPLICATE_METHOD_MATCH = YES;
				COPY_PHASE_STRIP = NO;
				DEBUG_INFORMATION_FORMAT = "dwarf-with-dsym";
				ENABLE_NS_ASSERTIONS = NO;
				ENABLE_STRICT_OBJC_MSGSEND = YES;
				GCC_C_LANGUAGE_STANDARD = gnu11;
				GCC_NO_COMMON_BLOCKS = YES;
				GCC_WARN_64_TO_32_BIT_CONVERSION = YES;
				GCC_WARN_ABOUT_RETURN_TYPE = YES_ERROR;
				GCC_WARN_UNDECLARED_SELECTOR = YES;
				GCC_WARN_UNINITIALIZED_AUTOS = YES_AGGRESSIVE;
				GCC_WARN_UNUSED_FUNCTION = YES;
				GCC_WARN_UNUSED_VARIABLE = YES;
				IPHONEOS_DEPLOYMENT_TARGET = 15.5;
				MTL_ENABLE_DEBUG_INFO = NO;
				MTL_FAST_MATH = YES;
				SDKROOT = iphoneos;
				SWIFT_COMPILATION_MODE = wholemodule;
				SWIFT_OPTIMIZATION_LEVEL = "-O";
				VALIDATE_PRODUCT = YES;
			};
			name = Release;
		};
		9C15596F28D9328B00BB6C72 /* Debug */ = {
			isa = XCBuildConfiguration;
			buildSettings = {
				ASSETCATALOG_COMPILER_APPICON_NAME = AppIcon;
				ASSETCATALOG_COMPILER_GLOBAL_ACCENT_COLOR_NAME = AccentColor;
				CODE_SIGN_STYLE = Automatic;
				CURRENT_PROJECT_VERSION = 1;
				DEVELOPMENT_ASSET_PATHS = "\"Calculator/Preview Content\"";
				DEVELOPMENT_TEAM = L39RQHL47Z;
				ENABLE_PREVIEWS = YES;
				GENERATE_INFOPLIST_FILE = YES;
				INFOPLIST_KEY_UIApplicationSceneManifest_Generation = YES;
				INFOPLIST_KEY_UIApplicationSupportsIndirectInputEvents = YES;
				INFOPLIST_KEY_UILaunchScreen_Generation = YES;
				INFOPLIST_KEY_UISupportedInterfaceOrientations_iPad = "UIInterfaceOrientationPortrait UIInterfaceOrientationPortraitUpsideDown UIInterfaceOrientationLandscapeLeft UIInterfaceOrientationLandscapeRight";
				INFOPLIST_KEY_UISupportedInterfaceOrientations_iPhone = "UIInterfaceOrientationPortrait UIInterfaceOrientationLandscapeLeft UIInterfaceOrientationLandscapeRight";
				LD_RUNPATH_SEARCH_PATHS = (
					"$(inherited)",
					"@executable_path/Frameworks",
				);
				MARKETING_VERSION = 1.0;
				PRODUCT_BUNDLE_IDENTIFIER = edu.harding.kcarballo.Calculator;
				PRODUCT_NAME = "$(TARGET_NAME)";
				SWIFT_EMIT_LOC_STRINGS = YES;
				SWIFT_VERSION = 5.0;
				TARGETED_DEVICE_FAMILY = "1,2";
			};
			name = Debug;
		};
		9C15597028D9328B00BB6C72 /* Release */ = {
			isa = XCBuildConfiguration;
			buildSettings = {
				ASSETCATALOG_COMPILER_APPICON_NAME = AppIcon;
				ASSETCATALOG_COMPILER_GLOBAL_ACCENT_COLOR_NAME = AccentColor;
				CODE_SIGN_STYLE = Automatic;
				CURRENT_PROJECT_VERSION = 1;
				DEVELOPMENT_ASSET_PATHS = "\"Calculator/Preview Content\"";
				DEVELOPMENT_TEAM = L39RQHL47Z;
				ENABLE_PREVIEWS = YES;
				GENERATE_INFOPLIST_FILE = YES;
				INFOPLIST_KEY_UIApplicationSceneManifest_Generation = YES;
				INFOPLIST_KEY_UIApplicationSupportsIndirectInputEvents = YES;
				INFOPLIST_KEY_UILaunchScreen_Generation = YES;
				INFOPLIST_KEY_UISupportedInterfaceOrientations_iPad = "UIInterfaceOrientationPortrait UIInterfaceOrientationPortraitUpsideDown UIInterfaceOrientationLandscapeLeft UIInterfaceOrientationLandscapeRight";
				INFOPLIST_KEY_UISupportedInterfaceOrientations_iPhone = "UIInterfaceOrientationPortrait UIInterfaceOrientationLandscapeLeft UIInterfaceOrientationLandscapeRight";
				LD_RUNPATH_SEARCH_PATHS = (
					"$(inherited)",
					"@executable_path/Frameworks",
				);
				MARKETING_VERSION = 1.0;
				PRODUCT_BUNDLE_IDENTIFIER = edu.harding.kcarballo.Calculator;
				PRODUCT_NAME = "$(TARGET_NAME)";
				SWIFT_EMIT_LOC_STRINGS = YES;
				SWIFT_VERSION = 5.0;
				TARGETED_DEVICE_FAMILY = "1,2";
			};
			name = Release;
		};
		9C15597228D9328B00BB6C72 /* Debug */ = {
			isa = XCBuildConfiguration;
			buildSettings = {
				ALWAYS_EMBED_SWIFT_STANDARD_LIBRARIES = YES;
				BUNDLE_LOADER = "$(TEST_HOST)";
				CODE_SIGN_STYLE = Automatic;
				CURRENT_PROJECT_VERSION = 1;
				DEVELOPMENT_TEAM = L39RQHL47Z;
				GENERATE_INFOPLIST_FILE = YES;
				IPHONEOS_DEPLOYMENT_TARGET = 15.5;
				MARKETING_VERSION = 1.0;
				PRODUCT_BUNDLE_IDENTIFIER = edu.harding.kcarballo.CalculatorTests;
				PRODUCT_NAME = "$(TARGET_NAME)";
				SWIFT_EMIT_LOC_STRINGS = NO;
				SWIFT_VERSION = 5.0;
				TARGETED_DEVICE_FAMILY = "1,2";
				TEST_HOST = "$(BUILT_PRODUCTS_DIR)/Calculator.app/Calculator";
			};
			name = Debug;
		};
		9C15597328D9328B00BB6C72 /* Release */ = {
			isa = XCBuildConfiguration;
			buildSettings = {
				ALWAYS_EMBED_SWIFT_STANDARD_LIBRARIES = YES;
				BUNDLE_LOADER = "$(TEST_HOST)";
				CODE_SIGN_STYLE = Automatic;
				CURRENT_PROJECT_VERSION = 1;
				DEVELOPMENT_TEAM = L39RQHL47Z;
				GENERATE_INFOPLIST_FILE = YES;
				IPHONEOS_DEPLOYMENT_TARGET = 15.5;
				MARKETING_VERSION = 1.0;
				PRODUCT_BUNDLE_IDENTIFIER = edu.harding.kcarballo.CalculatorTests;
				PRODUCT_NAME = "$(TARGET_NAME)";
				SWIFT_EMIT_LOC_STRINGS = NO;
				SWIFT_VERSION = 5.0;
				TARGETED_DEVICE_FAMILY = "1,2";
				TEST_HOST = "$(BUILT_PRODUCTS_DIR)/Calculator.app/Calculator";
			};
			name = Release;
		};
		9C15597528D9328B00BB6C72 /* Debug */ = {
			isa = XCBuildConfiguration;
			buildSettings = {
				ALWAYS_EMBED_SWIFT_STANDARD_LIBRARIES = YES;
				CODE_SIGN_STYLE = Automatic;
				CURRENT_PROJECT_VERSION = 1;
				DEVELOPMENT_TEAM = L39RQHL47Z;
				GENERATE_INFOPLIST_FILE = YES;
				MARKETING_VERSION = 1.0;
				PRODUCT_BUNDLE_IDENTIFIER = edu.harding.kcarballo.CalculatorUITests;
				PRODUCT_NAME = "$(TARGET_NAME)";
				SWIFT_EMIT_LOC_STRINGS = NO;
				SWIFT_VERSION = 5.0;
				TARGETED_DEVICE_FAMILY = "1,2";
				TEST_TARGET_NAME = Calculator;
			};
			name = Debug;
		};
		9C15597628D9328B00BB6C72 /* Release */ = {
			isa = XCBuildConfiguration;
			buildSettings = {
				ALWAYS_EMBED_SWIFT_STANDARD_LIBRARIES = YES;
				CODE_SIGN_STYLE = Automatic;
				CURRENT_PROJECT_VERSION = 1;
				DEVELOPMENT_TEAM = L39RQHL47Z;
				GENERATE_INFOPLIST_FILE = YES;
				MARKETING_VERSION = 1.0;
				PRODUCT_BUNDLE_IDENTIFIER = edu.harding.kcarballo.CalculatorUITests;
				PRODUCT_NAME = "$(TARGET_NAME)";
				SWIFT_EMIT_LOC_STRINGS = NO;
				SWIFT_VERSION = 5.0;
				TARGETED_DEVICE_FAMILY = "1,2";
				TEST_TARGET_NAME = Calculator;
			};
			name = Release;
		};
/* End XCBuildConfiguration section */

/* Begin XCConfigurationList section */
		9C15594528D9328500BB6C72 /* Build configuration list for PBXProject "Calculator" */ = {
			isa = XCConfigurationList;
			buildConfigurations = (
				9C15596C28D9328B00BB6C72 /* Debug */,
				9C15596D28D9328B00BB6C72 /* Release */,
			);
			defaultConfigurationIsVisible = 0;
			defaultConfigurationName = Release;
		};
		9C15596E28D9328B00BB6C72 /* Build configuration list for PBXNativeTarget "Calculator" */ = {
			isa = XCConfigurationList;
			buildConfigurations = (
				9C15596F28D9328B00BB6C72 /* Debug */,
				9C15597028D9328B00BB6C72 /* Release */,
			);
			defaultConfigurationIsVisible = 0;
			defaultConfigurationName = Release;
		};
		9C15597128D9328B00BB6C72 /* Build configuration list for PBXNativeTarget "CalculatorTests" */ = {
			isa = XCConfigurationList;
			buildConfigurations = (
				9C15597228D9328B00BB6C72 /* Debug */,
				9C15597328D9328B00BB6C72 /* Release */,
			);
			defaultConfigurationIsVisible = 0;
			defaultConfigurationName = Release;
		};
		9C15597428D9328B00BB6C72 /* Build configuration list for PBXNativeTarget "CalculatorUITests" */ = {
			isa = XCConfigurationList;
			buildConfigurations = (
				9C15597528D9328B00BB6C72 /* Debug */,
				9C15597628D9328B00BB6C72 /* Release */,
			);
			defaultConfigurationIsVisible = 0;
			defaultConfigurationName = Release;
		};
/* End XCConfigurationList section */
	};
	rootObject = 9C15594228D9328500BB6C72 /* Project object */;
}
